
Microsoft Visual Studio Solution File, Format Version 11.00
# Visual Studio 2010
Project("{B1E792BE-AA5F-4E3C-8C82-674BF9C0715B}") = "superConv", "superConv\superConv.tsproj", "{001D0C21-7A0F-425F-97B4-19702CD4D700}"
EndProject
Global
	GlobalSection(SolutionConfigurationPlatforms) = preSolution
		Debug|TwinCAT CE7 (ARMV7) = Debug|TwinCAT CE7 (ARMV7)
		Debug|TwinCAT RT (x64) = Debug|TwinCAT RT (x64)
		Debug|TwinCAT RT (x86) = Debug|TwinCAT RT (x86)
		Release|TwinCAT CE7 (ARMV7) = Release|TwinCAT CE7 (ARMV7)
		Release|TwinCAT RT (x64) = Release|TwinCAT RT (x64)
		Release|TwinCAT RT (x86) = Release|TwinCAT RT (x86)
	EndGlobalSection
	GlobalSection(ProjectConfigurationPlatforms) = postSolution
		{001D0C21-7A0F-425F-97B4-19702CD4D700}.Debug|TwinCAT CE7 (ARMV7).ActiveCfg = Debug|TwinCAT CE7 (ARMV7)
		{001D0C21-7A0F-425F-97B4-19702CD4D700}.Debug|TwinCAT CE7 (ARMV7).Build.0 = Debug|TwinCAT CE7 (ARMV7)
		{001D0C21-7A0F-425F-97B4-19702CD4D700}.Debug|TwinCAT RT (x64).ActiveCfg = Debug|TwinCAT RT (x64)
		{001D0C21-7A0F-425F-97B4-19702CD4D700}.Debug|TwinCAT RT (x64).Build.0 = Debug|TwinCAT RT (x64)
		{001D0C21-7A0F-425F-97B4-19702CD4D700}.Debug|TwinCAT RT (x86).ActiveCfg = Debug|TwinCAT RT (x86)
		{001D0C21-7A0F-425F-97B4-19702CD4D700}.Debug|TwinCAT RT (x86).Build.0 = Debug|TwinCAT RT (x86)
		{001D0C21-7A0F-425F-97B4-19702CD4D700}.Release|TwinCAT CE7 (ARMV7).ActiveCfg = Release|TwinCAT CE7 (ARMV7)
		{001D0C21-7A0F-425F-97B4-19702CD4D700}.Release|TwinCAT CE7 (ARMV7).Build.0 = Release|TwinCAT CE7 (ARMV7)
		{001D0C21-7A0F-425F-97B4-19702CD4D700}.Release|TwinCAT RT (x64).ActiveCfg = Release|TwinCAT RT (x64)
		{001D0C21-7A0F-425F-97B4-19702CD4D700}.Release|TwinCAT RT (x64).Build.0 = Release|TwinCAT RT (x64)
		{001D0C21-7A0F-425F-97B4-19702CD4D700}.Release|TwinCAT RT (x86).ActiveCfg = Release|TwinCAT RT (x86)
		{001D0C21-7A0F-425F-97B4-19702CD4D700}.Release|TwinCAT RT (x86).Build.0 = Release|TwinCAT RT (x86)
		{7AF52A1C-4001-4D78-891D-DCDDA97433E2}.Debug|TwinCAT CE7 (ARMV7).ActiveCfg = Debug|TwinCAT CE7 (ARMV7)
		{7AF52A1C-4001-4D78-891D-DCDDA97433E2}.Debug|TwinCAT CE7 (ARMV7).Build.0 = Debug|TwinCAT CE7 (ARMV7)
		{7AF52A1C-4001-4D78-891D-DCDDA97433E2}.Debug|TwinCAT RT (x64).ActiveCfg = Debug|TwinCAT RT (x64)
		{7AF52A1C-4001-4D78-891D-DCDDA97433E2}.Debug|TwinCAT RT (x64).Build.0 = Debug|TwinCAT RT (x64)
		{7AF52A1C-4001-4D78-891D-DCDDA97433E2}.Debug|TwinCAT RT (x86).ActiveCfg = Debug|TwinCAT RT (x86)
		{7AF52A1C-4001-4D78-891D-DCDDA97433E2}.Debug|TwinCAT RT (x86).Build.0 = Debug|TwinCAT RT (x86)
		{7AF52A1C-4001-4D78-891D-DCDDA97433E2}.Release|TwinCAT CE7 (ARMV7).ActiveCfg = Release|TwinCAT CE7 (ARMV7)
		{7AF52A1C-4001-4D78-891D-DCDDA97433E2}.Release|TwinCAT CE7 (ARMV7).Build.0 = Release|TwinCAT CE7 (ARMV7)
		{7AF52A1C-4001-4D78-891D-DCDDA97433E2}.Release|TwinCAT RT (x64).ActiveCfg = Release|TwinCAT RT (x64)
		{7AF52A1C-4001-4D78-891D-DCDDA97433E2}.Release|TwinCAT RT (x64).Build.0 = Release|TwinCAT RT (x64)
		{7AF52A1C-4001-4D78-891D-DCDDA97433E2}.Release|TwinCAT RT (x86).ActiveCfg = Release|TwinCAT RT (x86)
		{7AF52A1C-4001-4D78-891D-DCDDA97433E2}.Release|TwinCAT RT (x86).Build.0 = Release|TwinCAT RT (x86)
	EndGlobalSection
	GlobalSection(SolutionProperties) = preSolution
		HideSolutionNode = FALSE
	EndGlobalSection
EndGlobal
